
Microsoft Visual Studio Solution File, Format Version 12.00
# Visual Studio 2012
Project("{FAE04EC0-301F-11D3-BF4B-00C04F79EFBC}") = "Thermostat", "Thermostat.csproj", "{B9856A93-F412-4E15-B7BD-69B729804B37}"
EndProject
Global
	GlobalSection(SolutionConfigurationPlatforms) = preSolution
		Debug|x86 = Debug|x86
		Release|x86 = Release|x86
	EndGlobalSection
	GlobalSection(ProjectConfigurationPlatforms) = postSolution
		{B9856A93-F412-4E15-B7BD-69B729804B37}.Debug|x86.ActiveCfg = Debug|x86
		{B9856A93-F412-4E15-B7BD-69B729804B37}.Debug|x86.Build.0 = Debug|x86
		{B9856A93-F412-4E15-B7BD-69B729804B37}.Release|x86.ActiveCfg = Release|x86
		{B9856A93-F412-4E15-B7BD-69B729804B37}.Release|x86.Build.0 = Release|x86
	EndGlobalSection
EndGlobal
